
Microsoft Visual Studio Solution File, Format Version 12.00
# Visual Studio Version 17
VisualStudioVersion = 17.8.34525.116
MinimumVisualStudioVersion = 10.0.40219.1
Project("{FAE04EC0-301F-11D3-BF4B-00C04F79EFBC}") = "Dictionar", "Dictionar\Dictionar.csproj", "{228BFCF7-048B-47EF-A8A7-27B5F21B4E57}"
EndProject
Global
	GlobalSection(SolutionConfigurationPlatforms) = preSolution
		Debug|Any CPU = Debug|Any CPU
		Release|Any CPU = Release|Any CPU
	EndGlobalSection
	GlobalSection(ProjectConfigurationPlatforms) = postSolution
		{228BFCF7-048B-47EF-A8A7-27B5F21B4E57}.Debug|Any CPU.ActiveCfg = Debug|Any CPU
		{228BFCF7-048B-47EF-A8A7-27B5F21B4E57}.Debug|Any CPU.Build.0 = Debug|Any CPU
		{228BFCF7-048B-47EF-A8A7-27B5F21B4E57}.Release|Any CPU.ActiveCfg = Release|Any CPU
		{228BFCF7-048B-47EF-A8A7-27B5F21B4E57}.Release|Any CPU.Build.0 = Release|Any CPU
	EndGlobalSection
	GlobalSection(SolutionProperties) = preSolution
		HideSolutionNode = FALSE
	EndGlobalSection
	GlobalSection(ExtensibilityGlobals) = postSolution
		SolutionGuid = {6807029F-43E7-4ED9-B959-AA5BC7E5F8E2}
	EndGlobalSection
EndGlobal
